// !$*UTF8*$!
{
	archiveVersion = 1;
	classes = {
	};
	objectVersion = 46;
	objects = {

/* Begin PBXBuildFile section */
		83CC95551A71CACF000DE4A9 /* main.m in Sources */ = {isa = PBXBuildFile; fileRef = 83CC95541A71CACF000DE4A9 /* main.m */; };
		83CC95581A71CACF000DE4A9 /* AppDelegate.m in Sources */ = {isa = PBXBuildFile; fileRef = 83CC95571A71CACF000DE4A9 /* AppDelegate.m */; };
		83CC955B1A71CACF000DE4A9 /* PhotosViewController.m in Sources */ = {isa = PBXBuildFile; fileRef = 83CC955A1A71CACF000DE4A9 /* PhotosViewController.m */; };
		83CC955E1A71CACF000DE4A9 /* FavoritesViewController.m in Sources */ = {isa = PBXBuildFile; fileRef = 83CC955D1A71CACF000DE4A9 /* FavoritesViewController.m */; };
		83CC95611A71CACF000DE4A9 /* Main.storyboard in Resources */ = {isa = PBXBuildFile; fileRef = 83CC955F1A71CACF000DE4A9 /* Main.storyboard */; };
		83CC95631A71CACF000DE4A9 /* Images.xcassets in Resources */ = {isa = PBXBuildFile; fileRef = 83CC95621A71CACF000DE4A9 /* Images.xcassets */; };
		83CC95661A71CACF000DE4A9 /* LaunchScreen.xib in Resources */ = {isa = PBXBuildFile; fileRef = 83CC95641A71CACF000DE4A9 /* LaunchScreen.xib */; };
		83CC95721A71CACF000DE4A9 /* PhotosAppMeTests.m in Sources */ = {isa = PBXBuildFile; fileRef = 83CC95711A71CACF000DE4A9 /* PhotosAppMeTests.m */; };
		83CC957D1A71CBC8000DE4A9 /* MapViewController.m in Sources */ = {isa = PBXBuildFile; fileRef = 83CC957C1A71CBC8000DE4A9 /* MapViewController.m */; };
		83CC95801A71CC38000DE4A9 /* PictureDetails.m in Sources */ = {isa = PBXBuildFile; fileRef = 83CC957F1A71CC38000DE4A9 /* PictureDetails.m */; };
		83CC95821A71CE8E000DE4A9 /* MapKit.framework in Frameworks */ = {isa = PBXBuildFile; fileRef = 83CC95811A71CE8E000DE4A9 /* MapKit.framework */; };
		83CC95851A71E344000DE4A9 /* ImageCollectionViewCell.m in Sources */ = {isa = PBXBuildFile; fileRef = 83CC95841A71E344000DE4A9 /* ImageCollectionViewCell.m */; };
		94D764EB1A732CDC00B28150 /* heart.png in Resources */ = {isa = PBXBuildFile; fileRef = 94D764EA1A732CDC00B28150 /* heart.png */; };
		94D764ED1A74820000B28150 /* favorites.plist in Resources */ = {isa = PBXBuildFile; fileRef = 94D764EC1A74820000B28150 /* favorites.plist */; };
/* End PBXBuildFile section */

/* Begin PBXContainerItemProxy section */
		83CC956C1A71CACF000DE4A9 /* PBXContainerItemProxy */ = {
			isa = PBXContainerItemProxy;
			containerPortal = 83CC95471A71CACF000DE4A9 /* Project object */;
			proxyType = 1;
			remoteGlobalIDString = 83CC954E1A71CACF000DE4A9;
			remoteInfo = PhotosAppMe;
		};
/* End PBXContainerItemProxy section */

/* Begin PBXFileReference section */
		83CC954F1A71CACF000DE4A9 /* PhotosAppMe.app */ = {isa = PBXFileReference; explicitFileType = wrapper.application; includeInIndex = 0; path = PhotosAppMe.app; sourceTree = BUILT_PRODUCTS_DIR; };
		83CC95531A71CACF000DE4A9 /* Info.plist */ = {isa = PBXFileReference; lastKnownFileType = text.plist.xml; path = Info.plist; sourceTree = "<group>"; };
		83CC95541A71CACF000DE4A9 /* main.m */ = {isa = PBXFileReference; lastKnownFileType = sourcecode.c.objc; path = main.m; sourceTree = "<group>"; };
		83CC95561A71CACF000DE4A9 /* AppDelegate.h */ = {isa = PBXFileReference; lastKnownFileType = sourcecode.c.h; path = AppDelegate.h; sourceTree = "<group>"; };
		83CC95571A71CACF000DE4A9 /* AppDelegate.m */ = {isa = PBXFileReference; lastKnownFileType = sourcecode.c.objc; path = AppDelegate.m; sourceTree = "<group>"; };
		83CC95591A71CACF000DE4A9 /* PhotosViewController.h */ = {isa = PBXFileReference; lastKnownFileType = sourcecode.c.h; path = PhotosViewController.h; sourceTree = "<group>"; };
		83CC955A1A71CACF000DE4A9 /* PhotosViewController.m */ = {isa = PBXFileReference; lastKnownFileType = sourcecode.c.objc; path = PhotosViewController.m; sourceTree = "<group>"; };
		83CC955C1A71CACF000DE4A9 /* FavoritesViewController.h */ = {isa = PBXFileReference; lastKnownFileType = sourcecode.c.h; path = FavoritesViewController.h; sourceTree = "<group>"; };
		83CC955D1A71CACF000DE4A9 /* FavoritesViewController.m */ = {isa = PBXFileReference; lastKnownFileType = sourcecode.c.objc; path = FavoritesViewController.m; sourceTree = "<group>"; };
		83CC95601A71CACF000DE4A9 /* Base */ = {isa = PBXFileReference; lastKnownFileType = file.storyboard; name = Base; path = Base.lproj/Main.storyboard; sourceTree = "<group>"; };
		83CC95621A71CACF000DE4A9 /* Images.xcassets */ = {isa = PBXFileReference; lastKnownFileType = folder.assetcatalog; path = Images.xcassets; sourceTree = "<group>"; };
		83CC95651A71CACF000DE4A9 /* Base */ = {isa = PBXFileReference; lastKnownFileType = file.xib; name = Base; path = Base.lproj/LaunchScreen.xib; sourceTree = "<group>"; };
		83CC956B1A71CACF000DE4A9 /* PhotosAppMeTests.xctest */ = {isa = PBXFileReference; explicitFileType = wrapper.cfbundle; includeInIndex = 0; path = PhotosAppMeTests.xctest; sourceTree = BUILT_PRODUCTS_DIR; };
		83CC95701A71CACF000DE4A9 /* Info.plist */ = {isa = PBXFileReference; lastKnownFileType = text.plist.xml; path = Info.plist; sourceTree = "<group>"; };
		83CC95711A71CACF000DE4A9 /* PhotosAppMeTests.m */ = {isa = PBXFileReference; lastKnownFileType = sourcecode.c.objc; path = PhotosAppMeTests.m; sourceTree = "<group>"; };
		83CC957B1A71CBC8000DE4A9 /* MapViewController.h */ = {isa = PBXFileReference; fileEncoding = 4; lastKnownFileType = sourcecode.c.h; path = MapViewController.h; sourceTree = "<group>"; };
		83CC957C1A71CBC8000DE4A9 /* MapViewController.m */ = {isa = PBXFileReference; fileEncoding = 4; lastKnownFileType = sourcecode.c.objc; path = MapViewController.m; sourceTree = "<group>"; };
		83CC957E1A71CC38000DE4A9 /* PictureDetails.h */ = {isa = PBXFileReference; fileEncoding = 4; lastKnownFileType = sourcecode.c.h; path = PictureDetails.h; sourceTree = "<group>"; };
		83CC957F1A71CC38000DE4A9 /* PictureDetails.m */ = {isa = PBXFileReference; fileEncoding = 4; lastKnownFileType = sourcecode.c.objc; path = PictureDetails.m; sourceTree = "<group>"; };
		83CC95811A71CE8E000DE4A9 /* MapKit.framework */ = {isa = PBXFileReference; lastKnownFileType = wrapper.framework; name = MapKit.framework; path = System/Library/Frameworks/MapKit.framework; sourceTree = SDKROOT; };
		83CC95831A71E344000DE4A9 /* ImageCollectionViewCell.h */ = {isa = PBXFileReference; fileEncoding = 4; lastKnownFileType = sourcecode.c.h; path = ImageCollectionViewCell.h; sourceTree = "<group>"; };
		83CC95841A71E344000DE4A9 /* ImageCollectionViewCell.m */ = {isa = PBXFileReference; fileEncoding = 4; lastKnownFileType = sourcecode.c.objc; path = ImageCollectionViewCell.m; sourceTree = "<group>"; };
		94D764EA1A732CDC00B28150 /* heart.png */ = {isa = PBXFileReference; lastKnownFileType = image.png; path = heart.png; sourceTree = "<group>"; };
		94D764EC1A74820000B28150 /* favorites.plist */ = {isa = PBXFileReference; fileEncoding = 4; lastKnownFileType = text.plist.xml; path = favorites.plist; sourceTree = "<group>"; };
/* End PBXFileReference section */

/* Begin PBXFrameworksBuildPhase section */
		83CC954C1A71CACF000DE4A9 /* Frameworks */ = {
			isa = PBXFrameworksBuildPhase;
			buildActionMask = 2147483647;
			files = (
				83CC95821A71CE8E000DE4A9 /* MapKit.framework in Frameworks */,
			);
			runOnlyForDeploymentPostprocessing = 0;
		};
		83CC95681A71CACF000DE4A9 /* Frameworks */ = {
			isa = PBXFrameworksBuildPhase;
			buildActionMask = 2147483647;
			files = (
			);
			runOnlyForDeploymentPostprocessing = 0;
		};
/* End PBXFrameworksBuildPhase section */

/* Begin PBXGroup section */
		83CC95461A71CACF000DE4A9 = {
			isa = PBXGroup;
			children = (
				83CC95811A71CE8E000DE4A9 /* MapKit.framework */,
				83CC95511A71CACF000DE4A9 /* PhotosAppMe */,
				83CC956E1A71CACF000DE4A9 /* PhotosAppMeTests */,
				83CC95501A71CACF000DE4A9 /* Products */,
			);
			sourceTree = "<group>";
		};
		83CC95501A71CACF000DE4A9 /* Products */ = {
			isa = PBXGroup;
			children = (
				83CC954F1A71CACF000DE4A9 /* PhotosAppMe.app */,
				83CC956B1A71CACF000DE4A9 /* PhotosAppMeTests.xctest */,
			);
			name = Products;
			sourceTree = "<group>";
		};
		83CC95511A71CACF000DE4A9 /* PhotosAppMe */ = {
			isa = PBXGroup;
			children = (
				83CC95561A71CACF000DE4A9 /* AppDelegate.h */,
				83CC95571A71CACF000DE4A9 /* AppDelegate.m */,
				83CC955F1A71CACF000DE4A9 /* Main.storyboard */,
				83CC95831A71E344000DE4A9 /* ImageCollectionViewCell.h */,
				83CC95841A71E344000DE4A9 /* ImageCollectionViewCell.m */,
				83CC95591A71CACF000DE4A9 /* PhotosViewController.h */,
				83CC955A1A71CACF000DE4A9 /* PhotosViewController.m */,
				83CC955C1A71CACF000DE4A9 /* FavoritesViewController.h */,
				83CC955D1A71CACF000DE4A9 /* FavoritesViewController.m */,
				83CC957E1A71CC38000DE4A9 /* PictureDetails.h */,
				83CC957F1A71CC38000DE4A9 /* PictureDetails.m */,
				83CC957B1A71CBC8000DE4A9 /* MapViewController.h */,
				83CC957C1A71CBC8000DE4A9 /* MapViewController.m */,
				94D764EC1A74820000B28150 /* favorites.plist */,
				83CC95621A71CACF000DE4A9 /* Images.xcassets */,
				83CC95641A71CACF000DE4A9 /* LaunchScreen.xib */,
				83CC95521A71CACF000DE4A9 /* Supporting Files */,
			);
			path = PhotosAppMe;
			sourceTree = "<group>";
		};
		83CC95521A71CACF000DE4A9 /* Supporting Files */ = {
			isa = PBXGroup;
			children = (
				83CC95531A71CACF000DE4A9 /* Info.plist */,
				94D764EA1A732CDC00B28150 /* heart.png */,
				83CC95541A71CACF000DE4A9 /* main.m */,
			);
			name = "Supporting Files";
			sourceTree = "<group>";
		};
		83CC956E1A71CACF000DE4A9 /* PhotosAppMeTests */ = {
			isa = PBXGroup;
			children = (
				83CC95711A71CACF000DE4A9 /* PhotosAppMeTests.m */,
				83CC956F1A71CACF000DE4A9 /* Supporting Files */,
			);
			path = PhotosAppMeTests;
			sourceTree = "<group>";
		};
		83CC956F1A71CACF000DE4A9 /* Supporting Files */ = {
			isa = PBXGroup;
			children = (
				83CC95701A71CACF000DE4A9 /* Info.plist */,
			);
			name = "Supporting Files";
			sourceTree = "<group>";
		};
/* End PBXGroup section */

/* Begin PBXNativeTarget section */
		83CC954E1A71CACF000DE4A9 /* PhotosAppMe */ = {
			isa = PBXNativeTarget;
			buildConfigurationList = 83CC95751A71CACF000DE4A9 /* Build configuration list for PBXNativeTarget "PhotosAppMe" */;
			buildPhases = (
				83CC954B1A71CACF000DE4A9 /* Sources */,
				83CC954C1A71CACF000DE4A9 /* Frameworks */,
				83CC954D1A71CACF000DE4A9 /* Resources */,
			);
			buildRules = (
			);
			dependencies = (
			);
			name = PhotosAppMe;
			productName = PhotosAppMe;
			productReference = 83CC954F1A71CACF000DE4A9 /* PhotosAppMe.app */;
			productType = "com.apple.product-type.application";
		};
		83CC956A1A71CACF000DE4A9 /* PhotosAppMeTests */ = {
			isa = PBXNativeTarget;
			buildConfigurationList = 83CC95781A71CACF000DE4A9 /* Build configuration list for PBXNativeTarget "PhotosAppMeTests" */;
			buildPhases = (
				83CC95671A71CACF000DE4A9 /* Sources */,
				83CC95681A71CACF000DE4A9 /* Frameworks */,
				83CC95691A71CACF000DE4A9 /* Resources */,
			);
			buildRules = (
			);
			dependencies = (
				83CC956D1A71CACF000DE4A9 /* PBXTargetDependency */,
			);
			name = PhotosAppMeTests;
			productName = PhotosAppMeTests;
			productReference = 83CC956B1A71CACF000DE4A9 /* PhotosAppMeTests.xctest */;
			productType = "com.apple.product-type.bundle.unit-test";
		};
/* End PBXNativeTarget section */

/* Begin PBXProject section */
		83CC95471A71CACF000DE4A9 /* Project object */ = {
			isa = PBXProject;
			attributes = {
				LastUpgradeCheck = 0610;
				ORGANIZATIONNAME = "Shannon Beck";
				TargetAttributes = {
					83CC954E1A71CACF000DE4A9 = {
						CreatedOnToolsVersion = 6.1.1;
					};
					83CC956A1A71CACF000DE4A9 = {
						CreatedOnToolsVersion = 6.1.1;
						TestTargetID = 83CC954E1A71CACF000DE4A9;
					};
				};
			};
			buildConfigurationList = 83CC954A1A71CACF000DE4A9 /* Build configuration list for PBXProject "PhotosAppMe" */;
			compatibilityVersion = "Xcode 3.2";
			developmentRegion = English;
			hasScannedForEncodings = 0;
			knownRegions = (
				en,
				Base,
			);
			mainGroup = 83CC95461A71CACF000DE4A9;
			productRefGroup = 83CC95501A71CACF000DE4A9 /* Products */;
			projectDirPath = "";
			projectRoot = "";
			targets = (
				83CC954E1A71CACF000DE4A9 /* PhotosAppMe */,
				83CC956A1A71CACF000DE4A9 /* PhotosAppMeTests */,
			);
		};
/* End PBXProject section */

/* Begin PBXResourcesBuildPhase section */
		83CC954D1A71CACF000DE4A9 /* Resources */ = {
			isa = PBXResourcesBuildPhase;
			buildActionMask = 2147483647;
			files = (
				94D764EB1A732CDC00B28150 /* heart.png in Resources */,
				94D764ED1A74820000B28150 /* favorites.plist in Resources */,
				83CC95611A71CACF000DE4A9 /* Main.storyboard in Resources */,
				83CC95661A71CACF000DE4A9 /* LaunchScreen.xib in Resources */,
				83CC95631A71CACF000DE4A9 /* Images.xcassets in Resources */,
			);
			runOnlyForDeploymentPostprocessing = 0;
		};
		83CC95691A71CACF000DE4A9 /* Resources */ = {
			isa = PBXResourcesBuildPhase;
			buildActionMask = 2147483647;
			files = (
			);
			runOnlyForDeploymentPostprocessing = 0;
		};
/* End PBXResourcesBuildPhase section */

/* Begin PBXSourcesBuildPhase section */
		83CC954B1A71CACF000DE4A9 /* Sources */ = {
			isa = PBXSourcesBuildPhase;
			buildActionMask = 2147483647;
			files = (
				83CC955E1A71CACF000DE4A9 /* FavoritesViewController.m in Sources */,
				83CC95851A71E344000DE4A9 /* ImageCollectionViewCell.m in Sources */,
				83CC95581A71CACF000DE4A9 /* AppDelegate.m in Sources */,
				83CC957D1A71CBC8000DE4A9 /* MapViewController.m in Sources */,
				83CC95801A71CC38000DE4A9 /* PictureDetails.m in Sources */,
				83CC955B1A71CACF000DE4A9 /* PhotosViewController.m in Sources */,
				83CC95551A71CACF000DE4A9 /* main.m in Sources */,
			);
			runOnlyForDeploymentPostprocessing = 0;
		};
		83CC95671A71CACF000DE4A9 /* Sources */ = {
			isa = PBXSourcesBuildPhase;
			buildActionMask = 2147483647;
			files = (
				83CC95721A71CACF000DE4A9 /* PhotosAppMeTests.m in Sources */,
			);
			runOnlyForDeploymentPostprocessing = 0;
		};
/* End PBXSourcesBuildPhase section */

/* Begin PBXTargetDependency section */
		83CC956D1A71CACF000DE4A9 /* PBXTargetDependency */ = {
			isa = PBXTargetDependency;
			target = 83CC954E1A71CACF000DE4A9 /* PhotosAppMe */;
			targetProxy = 83CC956C1A71CACF000DE4A9 /* PBXContainerItemProxy */;
		};
/* End PBXTargetDependency section */

/* Begin PBXVariantGroup section */
		83CC955F1A71CACF000DE4A9 /* Main.storyboard */ = {
			isa = PBXVariantGroup;
			children = (
				83CC95601A71CACF000DE4A9 /* Base */,
			);
			name = Main.storyboard;
			sourceTree = "<group>";
		};
		83CC95641A71CACF000DE4A9 /* LaunchScreen.xib */ = {
			isa = PBXVariantGroup;
			children = (
				83CC95651A71CACF000DE4A9 /* Base */,
			);
			name = LaunchScreen.xib;
			sourceTree = "<group>";
		};
/* End PBXVariantGroup section */

/* Begin XCBuildConfiguration section */
		83CC95731A71CACF000DE4A9 /* Debug */ = {
			isa = XCBuildConfiguration;
			buildSettings = {
				ALWAYS_SEARCH_USER_PATHS = NO;
				CLANG_CXX_LANGUAGE_STANDARD = "gnu++0x";
				CLANG_CXX_LIBRARY = "libc++";
				CLANG_ENABLE_MODULES = YES;
				CLANG_ENABLE_OBJC_ARC = YES;
				CLANG_WARN_BOOL_CONVERSION = YES;
				CLANG_WARN_CONSTANT_CONVERSION = YES;
				CLANG_WARN_DIRECT_OBJC_ISA_USAGE = YES_ERROR;
				CLANG_WARN_EMPTY_BODY = YES;
				CLANG_WARN_ENUM_CONVERSION = YES;
				CLANG_WARN_INT_CONVERSION = YES;
				CLANG_WARN_OBJC_ROOT_CLASS = YES_ERROR;
				CLANG_WARN_UNREACHABLE_CODE = YES;
				CLANG_WARN__DUPLICATE_METHOD_MATCH = YES;
				"CODE_SIGN_IDENTITY[sdk=iphoneos*]" = "iPhone Developer";
				COPY_PHASE_STRIP = NO;
				ENABLE_STRICT_OBJC_MSGSEND = YES;
				GCC_C_LANGUAGE_STANDARD = gnu99;
				GCC_DYNAMIC_NO_PIC = NO;
				GCC_OPTIMIZATION_LEVEL = 0;
				GCC_PREPROCESSOR_DEFINITIONS = (
					"DEBUG=1",
					"$(inherited)",
				);
				GCC_SYMBOLS_PRIVATE_EXTERN = NO;
				GCC_WARN_64_TO_32_BIT_CONVERSION = YES;
				GCC_WARN_ABOUT_RETURN_TYPE = YES_ERROR;
				GCC_WARN_UNDECLARED_SELECTOR = YES;
				GCC_WARN_UNINITIALIZED_AUTOS = YES_AGGRESSIVE;
				GCC_WARN_UNUSED_FUNCTION = YES;
				GCC_WARN_UNUSED_VARIABLE = YES;
				IPHONEOS_DEPLOYMENT_TARGET = 8.1;
				MTL_ENABLE_DEBUG_INFO = YES;
				ONLY_ACTIVE_ARCH = YES;
				SDKROOT = iphoneos;
			};
			name = Debug;
		};
		83CC95741A71CACF000DE4A9 /* Release */ = {
			isa = XCBuildConfiguration;
			buildSettings = {
				ALWAYS_SEARCH_USER_PATHS = NO;
				CLANG_CXX_LANGUAGE_STANDARD = "gnu++0x";
				CLANG_CXX_LIBRARY = "libc++";
				CLANG_ENABLE_MODULES = YES;
				CLANG_ENABLE_OBJC_ARC = YES;
				CLANG_WARN_BOOL_CONVERSION = YES;
				CLANG_WARN_CONSTANT_CONVERSION = YES;
				CLANG_WARN_DIRECT_OBJC_ISA_USAGE = YES_ERROR;
				CLANG_WARN_EMPTY_BODY = YES;
				CLANG_WARN_ENUM_CONVERSION = YES;
				CLANG_WARN_INT_CONVERSION = YES;
				CLANG_WARN_OBJC_ROOT_CLASS = YES_ERROR;
				CLANG_WARN_UNREACHABLE_CODE = YES;
				CLANG_WARN__DUPLICATE_METHOD_MATCH = YES;
				"CODE_SIGN_IDENTITY[sdk=iphoneos*]" = "iPhone Developer";
				COPY_PHASE_STRIP = YES;
				ENABLE_NS_ASSERTIONS = NO;
				ENABLE_STRICT_OBJC_MSGSEND = YES;
				GCC_C_LANGUAGE_STANDARD = gnu99;
				GCC_WARN_64_TO_32_BIT_CONVERSION = YES;
				GCC_WARN_ABOUT_RETURN_TYPE = YES_ERROR;
				GCC_WARN_UNDECLARED_SELECTOR = YES;
				GCC_WARN_UNINITIALIZED_AUTOS = YES_AGGRESSIVE;
				GCC_WARN_UNUSED_FUNCTION = YES;
				GCC_WARN_UNUSED_VARIABLE = YES;
				IPHONEOS_DEPLOYMENT_TARGET = 8.1;
				MTL_ENABLE_DEBUG_INFO = NO;
				SDKROOT = iphoneos;
				VALIDATE_PRODUCT = YES;
			};
			name = Release;
		};
		83CC95761A71CACF000DE4A9 /* Debug */ = {
			isa = XCBuildConfiguration;
			buildSettings = {
				ASSETCATALOG_COMPILER_APPICON_NAME = AppIcon;
				INFOPLIST_FILE = PhotosAppMe/Info.plist;
				LD_RUNPATH_SEARCH_PATHS = "$(inherited) @executable_path/Frameworks";
				PRODUCT_NAME = "$(TARGET_NAME)";
			};
			name = Debug;
		};
		83CC95771A71CACF000DE4A9 /* Release */ = {
			isa = XCBuildConfiguration;
			buildSettings = {
				ASSETCATALOG_COMPILER_APPICON_NAME = AppIcon;
				INFOPLIST_FILE = PhotosAppMe/Info.plist;
				LD_RUNPATH_SEARCH_PATHS = "$(inherited) @executable_path/Frameworks";
				PRODUCT_NAME = "$(TARGET_NAME)";
			};
			name = Release;
		};
		83CC95791A71CACF000DE4A9 /* Debug */ = {
			isa = XCBuildConfiguration;
			buildSettings = {
				BUNDLE_LOADER = "$(TEST_HOST)";
				FRAMEWORK_SEARCH_PATHS = (
					"$(SDKROOT)/Developer/Library/Frameworks",
					"$(inherited)",
				);
				GCC_PREPROCESSOR_DEFINITIONS = (
					"DEBUG=1",
					"$(inherited)",
				);
				INFOPLIST_FILE = PhotosAppMeTests/Info.plist;
				LD_RUNPATH_SEARCH_PATHS = "$(inherited) @executable_path/Frameworks @loader_path/Frameworks";
				PRODUCT_NAME = "$(TARGET_NAME)";
				TEST_HOST = "$(BUILT_PRODUCTS_DIR)/PhotosAppMe.app/PhotosAppMe";
			};
			name = Debug;
		};
		83CC957A1A71CACF000DE4A9 /* Release */ = {
			isa = XCBuildConfiguration;
			buildSettings = {
				BUNDLE_LOADER = "$(TEST_HOST)";
				FRAMEWORK_SEARCH_PATHS = (
					"$(SDKROOT)/Developer/Library/Frameworks",
					"$(inherited)",
				);
				INFOPLIST_FILE = PhotosAppMeTests/Info.plist;
				LD_RUNPATH_SEARCH_PATHS = "$(inherited) @executable_path/Frameworks @loader_path/Frameworks";
				PRODUCT_NAME = "$(TARGET_NAME)";
				TEST_HOST = "$(BUILT_PRODUCTS_DIR)/PhotosAppMe.app/PhotosAppMe";
			};
			name = Release;
		};
/* End XCBuildConfiguration section */

/* Begin XCConfigurationList section */
		83CC954A1A71CACF000DE4A9 /* Build configuration list for PBXProject "PhotosAppMe" */ = {
			isa = XCConfigurationList;
			buildConfigurations = (
				83CC95731A71CACF000DE4A9 /* Debug */,
				83CC95741A71CACF000DE4A9 /* Release */,
			);
			defaultConfigurationIsVisible = 0;
			defaultConfigurationName = Release;
		};
		83CC95751A71CACF000DE4A9 /* Build configuration list for PBXNativeTarget "PhotosAppMe" */ = {
			isa = XCConfigurationList;
			buildConfigurations = (
				83CC95761A71CACF000DE4A9 /* Debug */,
				83CC95771A71CACF000DE4A9 /* Release */,
			);
			defaultConfigurationIsVisible = 0;
			defaultConfigurationName = Release;
		};
		83CC95781A71CACF000DE4A9 /* Build configuration list for PBXNativeTarget "PhotosAppMeTests" */ = {
			isa = XCConfigurationList;
			buildConfigurations = (
				83CC95791A71CACF000DE4A9 /* Debug */,
				83CC957A1A71CACF000DE4A9 /* Release */,
			);
			defaultConfigurationIsVisible = 0;
			defaultConfigurationName = Release;
		};
/* End XCConfigurationList section */
	};
	rootObject = 83CC95471A71CACF000DE4A9 /* Project object */;
}
